uuid: 90baf483-4491-4ada-974b-a3876b55db13
langcode: pt-br
status: true
dependencies:
  module:
    - context
    - points_on_xingu_maps
  theme:
    - xinguBootstrap
id: mapblock
theme: xinguBootstrap
region: sidebar_second
weight: 0
provider: null
plugin: points_on_xingu_maps
settings:
  id: points_on_xingu_maps
  label: 'Map Block'
  label_display: '0'
  provider: points_on_xingu_maps
visibility:
  context_all:
    id: context_all
    negate: null
    values: ''
  user_status:
    id: user_status
    negate: false
    context_mapping:
      user: '@user.current_user_context:current_user'
    user_status:
      viewing_profile: '0'
      logged_viewing_profile: '0'
      own_page_true: '0'
      field_value: '0'
    user_fields: uid
  context:
    id: context
    negate: null
    values: ''
